
Microsoft Visual Studio Solution File, Format Version 12.00
# Visual Studio Version 16
VisualStudioVersion = 16.0.29920.165
MinimumVisualStudioVersion = 10.0.40219.1
Project("{FAE04EC0-301F-11D3-BF4B-00C04F79EFBC}") = "MyFirstBlazorApp", "MyFirstBlazorApp\MyFirstBlazorApp.csproj", "{12D23BB6-48AF-4606-B729-D77CF585A449}"
EndProject
Global
	GlobalSection(SolutionConfigurationPlatforms) = preSolution
		Debug|Any CPU = Debug|Any CPU
		Release|Any CPU = Release|Any CPU
	EndGlobalSection
	GlobalSection(ProjectConfigurationPlatforms) = postSolution
		{12D23BB6-48AF-4606-B729-D77CF585A449}.Debug|Any CPU.ActiveCfg = Debug|Any CPU
		{12D23BB6-48AF-4606-B729-D77CF585A449}.Debug|Any CPU.Build.0 = Debug|Any CPU
		{12D23BB6-48AF-4606-B729-D77CF585A449}.Release|Any CPU.ActiveCfg = Release|Any CPU
		{12D23BB6-48AF-4606-B729-D77CF585A449}.Release|Any CPU.Build.0 = Release|Any CPU
	EndGlobalSection
	GlobalSection(SolutionProperties) = preSolution
		HideSolutionNode = FALSE
	EndGlobalSection
	GlobalSection(ExtensibilityGlobals) = postSolution
		SolutionGuid = {7B801171-01A8-4CA4-8788-38A01E02706F}
	EndGlobalSection
EndGlobal
